
Microsoft Visual Studio Solution File, Format Version 12.00
# Visual Studio 15
VisualStudioVersion = 15.0.27130.2027
MinimumVisualStudioVersion = 10.0.40219.1
Project("{FAE04EC0-301F-11D3-BF4B-00C04F79EFBC}") = "DotNetVersion", "DotNetVersion\DotNetVersion.csproj", "{C2E6C252-B8E8-457B-B55E-6005B7D1DFBB}"
EndProject
Project("{FAE04EC0-301F-11D3-BF4B-00C04F79EFBC}") = "Project2", "Project2\Project2.csproj", "{F57EBFBE-801B-4A52-86CB-600EA71B5EA6}"
EndProject
Project("{2150E333-8FDC-42A3-9474-1A3956D46DE8}") = "NonProject", "NonProject", "{F8B823EC-5F6B-46A2-B450-5F8CC1C788BF}"
EndProject
Project("{2150E333-8FDC-42A3-9474-1A3956D46DE8}") = "Compiling Code", "Compiling Code", "{E0283EC4-601A-4D46-9A44-2D833FC6B2D3}"
	ProjectSection(SolutionItems) = preProject
		compilingcode.rsp = compilingcode.rsp
		CompilingCodeEx.cs = CompilingCodeEx.cs
	EndProjectSection
EndProject
Global
	GlobalSection(SolutionConfigurationPlatforms) = preSolution
		Debug|Any CPU = Debug|Any CPU
		Release|Any CPU = Release|Any CPU
	EndGlobalSection
	GlobalSection(ProjectConfigurationPlatforms) = postSolution
		{C2E6C252-B8E8-457B-B55E-6005B7D1DFBB}.Debug|Any CPU.ActiveCfg = Debug|Any CPU
		{C2E6C252-B8E8-457B-B55E-6005B7D1DFBB}.Debug|Any CPU.Build.0 = Debug|Any CPU
		{C2E6C252-B8E8-457B-B55E-6005B7D1DFBB}.Release|Any CPU.ActiveCfg = Release|Any CPU
		{C2E6C252-B8E8-457B-B55E-6005B7D1DFBB}.Release|Any CPU.Build.0 = Release|Any CPU
		{F57EBFBE-801B-4A52-86CB-600EA71B5EA6}.Debug|Any CPU.ActiveCfg = Debug|Any CPU
		{F57EBFBE-801B-4A52-86CB-600EA71B5EA6}.Debug|Any CPU.Build.0 = Debug|Any CPU
		{F57EBFBE-801B-4A52-86CB-600EA71B5EA6}.Release|Any CPU.ActiveCfg = Release|Any CPU
		{F57EBFBE-801B-4A52-86CB-600EA71B5EA6}.Release|Any CPU.Build.0 = Release|Any CPU
	EndGlobalSection
	GlobalSection(SolutionProperties) = preSolution
		HideSolutionNode = FALSE
	EndGlobalSection
	GlobalSection(NestedProjects) = preSolution
		{E0283EC4-601A-4D46-9A44-2D833FC6B2D3} = {F8B823EC-5F6B-46A2-B450-5F8CC1C788BF}
	EndGlobalSection
	GlobalSection(ExtensibilityGlobals) = postSolution
		SolutionGuid = {BBC4E139-15C5-4A72-ADFF-B91C72777D74}
	EndGlobalSection
EndGlobal
